{
  "name": "json-sugar",
  "version": "0.7.2-SNAPSHOT",
  "lockfileVersion": 3,
  "requires": true,
  "packages": {
    "": {
      "name": "json-sugar",
      "version": "0.7.2-SNAPSHOT",
      "workspaces": [
        "packages/json-sugar-library",
        "packages/json-sugar-library-test"
      ],
      "devDependencies": {}
    },
    "node_modules/json-sugar-library": {
      "resolved": "packages/json-sugar-library",
      "link": true
    },
    "node_modules/json-sugar-library-test": {
      "resolved": "packages/json-sugar-library-test",
      "link": true
    },
    "packages/json-sugar-library": {
      "version": "0.7.2-SNAPSHOT",
      "devDependencies": {}
    },
    "packages/json-sugar-library-test": {
      "version": "0.7.2-SNAPSHOT",
      "devDependencies": {}
    }
  }
}
